Microsoft Visual Studio Solution File, Format Version 12.00
# Visual Studio Version 17
VisualStudioVersion = 17.5.2.0
MinimumVisualStudioVersion = 10.0.40219.1
Project("{FAE04EC0-301F-11D3-BF4B-00C04F79EFBC}") = "RoguelikeGame", "RoguelikeGame.csproj", "{B3320303-3621-8B16-FA0E-7FED1BDC5D82}"
EndProject
Global
	GlobalSection(SolutionConfigurationPlatforms) = preSolution
		Debug|Any CPU = Debug|Any CPU
		Release|Any CPU = Release|Any CPU
	EndGlobalSection
	GlobalSection(ProjectConfigurationPlatforms) = postSolution
		{B3320303-3621-8B16-FA0E-7FED1BDC5D82}.Debug|Any CPU.ActiveCfg = Debug|Any CPU
		{B3320303-3621-8B16-FA0E-7FED1BDC5D82}.Debug|Any CPU.Build.0 = Debug|Any CPU
		{B3320303-3621-8B16-FA0E-7FED1BDC5D82}.Release|Any CPU.ActiveCfg = Release|Any CPU
		{B3320303-3621-8B16-FA0E-7FED1BDC5D82}.Release|Any CPU.Build.0 = Release|Any CPU
	EndGlobalSection
	GlobalSection(SolutionProperties) = preSolution
		HideSolutionNode = FALSE
	EndGlobalSection
	GlobalSection(ExtensibilityGlobals) = postSolution
		SolutionGuid = {E56BBC01-6E66-4986-9CCF-75C5D9C68085}
	EndGlobalSection
EndGlobal
